
Microsoft Visual Studio Solution File, Format Version 11.00
# Visual Studio 2010
Project("{8BC9CEB8-8B4A-11D0-8D11-00A0C91BC942}") = "ToolBox", "ToolBox\ToolBox.vcxproj", "{312AB08B-3452-486D-9436-BB338BB59BBD}"
EndProject
Project("{8BC9CEB8-8B4A-11D0-8D11-00A0C91BC942}") = "ToolBoxCV", "ToolBoxCV\ToolBoxCV.vcxproj", "{129BA56F-FD94-4DCF-A51B-F6FC3C997D18}"
EndProject
Project("{8BC9CEB8-8B4A-11D0-8D11-00A0C91BC942}") = "ToolBoxXML", "ToolBoxXML\ToolBoxXML.vcxproj", "{DACD7471-1F50-4B83-9D27-C4C887D6B16F}"
EndProject
Project("{8BC9CEB8-8B4A-11D0-8D11-00A0C91BC942}") = "Test", "Test\Test.vcxproj", "{4FF8A3A2-FC5B-4E2A-A3FC-2FDA802FDAB5}"
EndProject
Project("{2150E333-8FDC-42A3-9474-1A3956D46DE8}") = "Solution Items", "Solution Items", "{9E1F406D-1B79-4420-B915-68DE14D97C30}"
EndProject
Project("{8BC9CEB8-8B4A-11D0-8D11-00A0C91BC942}") = "ToolBoxPCL", "ToolBoxPCL\ToolBoxPCL.vcxproj", "{D694191C-F374-40B7-B800-866D442B9696}"
EndProject
Project("{8BC9CEB8-8B4A-11D0-8D11-00A0C91BC942}") = "ToolBoxQT", "ToolBoxQT\ToolBoxQT.vcxproj", "{D3D05CDD-BC66-487E-80A4-F68E1DC26EE2}"
EndProject
Global
	GlobalSection(SolutionConfigurationPlatforms) = preSolution
		Debug|Win32 = Debug|Win32
		Release|Win32 = Release|Win32
	EndGlobalSection
	GlobalSection(ProjectConfigurationPlatforms) = postSolution
		{312AB08B-3452-486D-9436-BB338BB59BBD}.Debug|Win32.ActiveCfg = Debug|Win32
		{312AB08B-3452-486D-9436-BB338BB59BBD}.Debug|Win32.Build.0 = Debug|Win32
		{312AB08B-3452-486D-9436-BB338BB59BBD}.Release|Win32.ActiveCfg = Release|Win32
		{312AB08B-3452-486D-9436-BB338BB59BBD}.Release|Win32.Build.0 = Release|Win32
		{129BA56F-FD94-4DCF-A51B-F6FC3C997D18}.Debug|Win32.ActiveCfg = Debug|Win32
		{129BA56F-FD94-4DCF-A51B-F6FC3C997D18}.Debug|Win32.Build.0 = Debug|Win32
		{129BA56F-FD94-4DCF-A51B-F6FC3C997D18}.Release|Win32.ActiveCfg = Release|Win32
		{129BA56F-FD94-4DCF-A51B-F6FC3C997D18}.Release|Win32.Build.0 = Release|Win32
		{DACD7471-1F50-4B83-9D27-C4C887D6B16F}.Debug|Win32.ActiveCfg = Debug|Win32
		{DACD7471-1F50-4B83-9D27-C4C887D6B16F}.Debug|Win32.Build.0 = Debug|Win32
		{DACD7471-1F50-4B83-9D27-C4C887D6B16F}.Release|Win32.ActiveCfg = Release|Win32
		{DACD7471-1F50-4B83-9D27-C4C887D6B16F}.Release|Win32.Build.0 = Release|Win32
		{4FF8A3A2-FC5B-4E2A-A3FC-2FDA802FDAB5}.Debug|Win32.ActiveCfg = Debug|Win32
		{4FF8A3A2-FC5B-4E2A-A3FC-2FDA802FDAB5}.Debug|Win32.Build.0 = Debug|Win32
		{4FF8A3A2-FC5B-4E2A-A3FC-2FDA802FDAB5}.Release|Win32.ActiveCfg = Release|Win32
		{4FF8A3A2-FC5B-4E2A-A3FC-2FDA802FDAB5}.Release|Win32.Build.0 = Release|Win32
		{D694191C-F374-40B7-B800-866D442B9696}.Debug|Win32.ActiveCfg = Debug|Win32
		{D694191C-F374-40B7-B800-866D442B9696}.Debug|Win32.Build.0 = Debug|Win32
		{D694191C-F374-40B7-B800-866D442B9696}.Release|Win32.ActiveCfg = Release|Win32
		{D694191C-F374-40B7-B800-866D442B9696}.Release|Win32.Build.0 = Release|Win32
		{D3D05CDD-BC66-487E-80A4-F68E1DC26EE2}.Debug|Win32.ActiveCfg = Debug|Win32
		{D3D05CDD-BC66-487E-80A4-F68E1DC26EE2}.Debug|Win32.Build.0 = Debug|Win32
		{D3D05CDD-BC66-487E-80A4-F68E1DC26EE2}.Release|Win32.ActiveCfg = Release|Win32
		{D3D05CDD-BC66-487E-80A4-F68E1DC26EE2}.Release|Win32.Build.0 = Release|Win32
	EndGlobalSection
	GlobalSection(SolutionProperties) = preSolution
		HideSolutionNode = FALSE
	EndGlobalSection
EndGlobal
